
Microsoft Visual Studio Solution File, Format Version 12.00
# Visual Studio 15
VisualStudioVersion = 15.0.27428.2037
MinimumVisualStudioVersion = 10.0.40219.1
Project("{2150E333-8FDC-42A3-9474-1A3956D46DE8}") = ".git", ".git", "{D8E852FB-90CC-4596-AD4C-74D2A0FDC6DF}"
	ProjectSection(SolutionItems) = preProject
		.gitattributes = .gitattributes
		.gitignore = .gitignore
	EndProjectSection
EndProject
Project("{9A19103F-16F7-4668-BE54-9A1E7A4F7556}") = "FluentUriBuilder", "src\FluentUriBuilder\FluentUriBuilder.csproj", "{2A92AD63-BC7A-4C43-B2CE-FEEF04362FF0}"
EndProject
Project("{9A19103F-16F7-4668-BE54-9A1E7A4F7556}") = "FluentUriBuilder.UnitTests", "src\FluentUriBuilder.UnitTests\FluentUriBuilder.UnitTests.csproj", "{83882E38-72F2-4200-8245-2EAA22B88D60}"
EndProject
Project("{2150E333-8FDC-42A3-9474-1A3956D46DE8}") = "build", "build", "{324F3264-BC05-45E6-ACD4-F0164C7612C0}"
	ProjectSection(SolutionItems) = preProject
		.travis.yml = .travis.yml
	EndProjectSection
EndProject
Project("{2150E333-8FDC-42A3-9474-1A3956D46DE8}") = "docs", "docs", "{560186E5-3A25-4167-A86E-CB5F5E48A973}"
	ProjectSection(SolutionItems) = preProject
		docs\development.md = docs\development.md
		docs\license.md = docs\license.md
		readme.md = readme.md
	EndProjectSection
EndProject
Global
	GlobalSection(SolutionConfigurationPlatforms) = preSolution
		Debug|Any CPU = Debug|Any CPU
		Release|Any CPU = Release|Any CPU
	EndGlobalSection
	GlobalSection(ProjectConfigurationPlatforms) = postSolution
		{2A92AD63-BC7A-4C43-B2CE-FEEF04362FF0}.Debug|Any CPU.ActiveCfg = Debug|Any CPU
		{2A92AD63-BC7A-4C43-B2CE-FEEF04362FF0}.Debug|Any CPU.Build.0 = Debug|Any CPU
		{2A92AD63-BC7A-4C43-B2CE-FEEF04362FF0}.Release|Any CPU.ActiveCfg = Release|Any CPU
		{2A92AD63-BC7A-4C43-B2CE-FEEF04362FF0}.Release|Any CPU.Build.0 = Release|Any CPU
		{83882E38-72F2-4200-8245-2EAA22B88D60}.Debug|Any CPU.ActiveCfg = Debug|Any CPU
		{83882E38-72F2-4200-8245-2EAA22B88D60}.Debug|Any CPU.Build.0 = Debug|Any CPU
		{83882E38-72F2-4200-8245-2EAA22B88D60}.Release|Any CPU.ActiveCfg = Release|Any CPU
		{83882E38-72F2-4200-8245-2EAA22B88D60}.Release|Any CPU.Build.0 = Release|Any CPU
	EndGlobalSection
	GlobalSection(SolutionProperties) = preSolution
		HideSolutionNode = FALSE
	EndGlobalSection
	GlobalSection(ExtensibilityGlobals) = postSolution
		SolutionGuid = {2351F0F6-41B8-438A-9439-84CF6FCB9996}
	EndGlobalSection
EndGlobal
